
Microsoft Visual Studio Solution File, Format Version 12.00
# Visual Studio Version 17
VisualStudioVersion = 17.5.002.0
MinimumVisualStudioVersion = 10.0.40219.1
Project("{9A19103F-16F7-4668-BE54-9A1E7A4F7556}") = "dvcsharp-core-api", "dvcsharp-core-api.csproj", "{D41D6099-9359-4A2B-9E7F-97E9C6B3DCE0}"
EndProject
Global
	GlobalSection(SolutionConfigurationPlatforms) = preSolution
		Debug|Any CPU = Debug|Any CPU
		Release|Any CPU = Release|Any CPU
	EndGlobalSection
	GlobalSection(ProjectConfigurationPlatforms) = postSolution
		{D41D6099-9359-4A2B-9E7F-97E9C6B3DCE0}.Debug|Any CPU.ActiveCfg = Debug|Any CPU
		{D41D6099-9359-4A2B-9E7F-97E9C6B3DCE0}.Debug|Any CPU.Build.0 = Debug|Any CPU
		{D41D6099-9359-4A2B-9E7F-97E9C6B3DCE0}.Release|Any CPU.ActiveCfg = Release|Any CPU
		{D41D6099-9359-4A2B-9E7F-97E9C6B3DCE0}.Release|Any CPU.Build.0 = Release|Any CPU
	EndGlobalSection
	GlobalSection(SolutionProperties) = preSolution
		HideSolutionNode = FALSE
	EndGlobalSection
	GlobalSection(ExtensibilityGlobals) = postSolution
		SolutionGuid = {428CAE86-AB62-417F-9F5E-6DE322175A09}
	EndGlobalSection
EndGlobal
